
Microsoft Visual Studio Solution File, Format Version 12.00
# Visual Studio Version 16
VisualStudioVersion = 16.0.31729.503
MinimumVisualStudioVersion = 10.0.40219.1
Project("{8BC9CEB8-8B4A-11D0-8D11-00A0C91BC942}") = "GameEngine", "GameEngine\Include\GameEngine.vcxproj", "{645F83A9-416C-4FE2-913A-605C38969115}"
EndProject
Project("{2150E333-8FDC-42A3-9474-1A3956D46DE8}") = "01.Client", "01.Client", "{F9906901-B65A-4AB6-8BB4-61563D47CA0F}"
EndProject
Project("{2150E333-8FDC-42A3-9474-1A3956D46DE8}") = "02.Engine", "02.Engine", "{39499938-3776-448A-B0D0-4C87F954BA59}"
EndProject
Project("{8BC9CEB8-8B4A-11D0-8D11-00A0C91BC942}") = "Client2D", "Client2D\Include\Client2D.vcxproj", "{CEAA01A5-4DEC-426A-8F28-FEB30784B0AB}"
	ProjectSection(ProjectDependencies) = postProject
		{645F83A9-416C-4FE2-913A-605C38969115} = {645F83A9-416C-4FE2-913A-605C38969115}
	EndProjectSection
EndProject
Project("{2150E333-8FDC-42A3-9474-1A3956D46DE8}") = "03. Editor", "03. Editor", "{29657E2D-DE75-449E-9769-75DD623E7EE5}"
EndProject
Project("{8BC9CEB8-8B4A-11D0-8D11-00A0C91BC942}") = "Editor", "Editor\Include\Editor.vcxproj", "{08F09BCF-5E2A-4426-80EA-254E0A16D1C3}"
EndProject
Global
	GlobalSection(SolutionConfigurationPlatforms) = preSolution
		Debug|x64 = Debug|x64
		Debug|x86 = Debug|x86
		Release|x64 = Release|x64
		Release|x86 = Release|x86
	EndGlobalSection
	GlobalSection(ProjectConfigurationPlatforms) = postSolution
		{645F83A9-416C-4FE2-913A-605C38969115}.Debug|x64.ActiveCfg = Debug|x64
		{645F83A9-416C-4FE2-913A-605C38969115}.Debug|x64.Build.0 = Debug|x64
		{645F83A9-416C-4FE2-913A-605C38969115}.Debug|x86.ActiveCfg = Debug|Win32
		{645F83A9-416C-4FE2-913A-605C38969115}.Debug|x86.Build.0 = Debug|Win32
		{645F83A9-416C-4FE2-913A-605C38969115}.Release|x64.ActiveCfg = Release|x64
		{645F83A9-416C-4FE2-913A-605C38969115}.Release|x64.Build.0 = Release|x64
		{645F83A9-416C-4FE2-913A-605C38969115}.Release|x86.ActiveCfg = Release|Win32
		{645F83A9-416C-4FE2-913A-605C38969115}.Release|x86.Build.0 = Release|Win32
		{CEAA01A5-4DEC-426A-8F28-FEB30784B0AB}.Debug|x64.ActiveCfg = Debug|x64
		{CEAA01A5-4DEC-426A-8F28-FEB30784B0AB}.Debug|x64.Build.0 = Debug|x64
		{CEAA01A5-4DEC-426A-8F28-FEB30784B0AB}.Debug|x86.ActiveCfg = Debug|Win32
		{CEAA01A5-4DEC-426A-8F28-FEB30784B0AB}.Debug|x86.Build.0 = Debug|Win32
		{CEAA01A5-4DEC-426A-8F28-FEB30784B0AB}.Release|x64.ActiveCfg = Release|x64
		{CEAA01A5-4DEC-426A-8F28-FEB30784B0AB}.Release|x64.Build.0 = Release|x64
		{CEAA01A5-4DEC-426A-8F28-FEB30784B0AB}.Release|x86.ActiveCfg = Release|Win32
		{CEAA01A5-4DEC-426A-8F28-FEB30784B0AB}.Release|x86.Build.0 = Release|Win32
		{08F09BCF-5E2A-4426-80EA-254E0A16D1C3}.Debug|x64.ActiveCfg = Debug|x64
		{08F09BCF-5E2A-4426-80EA-254E0A16D1C3}.Debug|x64.Build.0 = Debug|x64
		{08F09BCF-5E2A-4426-80EA-254E0A16D1C3}.Debug|x86.ActiveCfg = Debug|Win32
		{08F09BCF-5E2A-4426-80EA-254E0A16D1C3}.Debug|x86.Build.0 = Debug|Win32
		{08F09BCF-5E2A-4426-80EA-254E0A16D1C3}.Release|x64.ActiveCfg = Release|x64
		{08F09BCF-5E2A-4426-80EA-254E0A16D1C3}.Release|x64.Build.0 = Release|x64
		{08F09BCF-5E2A-4426-80EA-254E0A16D1C3}.Release|x86.ActiveCfg = Release|Win32
		{08F09BCF-5E2A-4426-80EA-254E0A16D1C3}.Release|x86.Build.0 = Release|Win32
	EndGlobalSection
	GlobalSection(SolutionProperties) = preSolution
		HideSolutionNode = FALSE
	EndGlobalSection
	GlobalSection(NestedProjects) = preSolution
		{645F83A9-416C-4FE2-913A-605C38969115} = {39499938-3776-448A-B0D0-4C87F954BA59}
		{CEAA01A5-4DEC-426A-8F28-FEB30784B0AB} = {F9906901-B65A-4AB6-8BB4-61563D47CA0F}
		{08F09BCF-5E2A-4426-80EA-254E0A16D1C3} = {29657E2D-DE75-449E-9769-75DD623E7EE5}
	EndGlobalSection
	GlobalSection(ExtensibilityGlobals) = postSolution
		SolutionGuid = {294C4AC2-CF1A-48E9-B1DA-8BEBAC1B0EB7}
	EndGlobalSection
EndGlobal
