<?xml version="1.0" encoding="utf-8"?>
<Project ToolsVersion="4.0" xmlns="http://schemas.microsoft.com/developer/msbuild/2003">
  <ItemGroup>
    <Filter Include="Source Files">
      <UniqueIdentifier>{4FC737F1-C7A5-4376-A066-2A32D752A2FF}</UniqueIdentifier>
      <Extensions>cpp;c;cc;cxx;c++;cppm;ixx;def;odl;idl;hpj;bat;asm;asmx</Extensions>
    </Filter>
    <Filter Include="Header Files">
      <UniqueIdentifier>{93995380-89BD-4b04-88EB-625FBE52EBFB}</UniqueIdentifier>
      <Extensions>h;hh;hpp;hxx;h++;hm;inl;inc;ipp;xsd</Extensions>
    </Filter>
    <Filter Include="Resource Files">
      <UniqueIdentifier>{67DA6AB6-F800-4c08-8B7A-83BB121AAD01}</UniqueIdentifier>
      <Extensions>rc;ico;cur;bmp;dlg;rc2;rct;bin;rgs;gif;jpg;jpeg;jpe;resx;tiff;tif;png;wav;mfcribbon-ms</Extensions>
    </Filter>
    <Filter Include="01. Scene">
      <UniqueIdentifier>{f0fc0a98-1987-491c-a192-e5e5d1dcdc8a}</UniqueIdentifier>
    </Filter>
    <Filter Include="03. Object">
      <UniqueIdentifier>{3f5d84f5-1afd-4173-a087-90e0e4030edb}</UniqueIdentifier>
    </Filter>
    <Filter Include="04. IMGUIWidget">
      <UniqueIdentifier>{53651112-eb44-4bdc-a420-71c37d976375}</UniqueIdentifier>
    </Filter>
    <Filter Include="02. Window">
      <UniqueIdentifier>{faaeb3f7-880c-4cd3-abc3-7b0c23824ab2}</UniqueIdentifier>
    </Filter>
    <Filter Include="99. Util">
      <UniqueIdentifier>{2c29852a-08b5-4d9a-9558-d03967382d30}</UniqueIdentifier>
    </Filter>
    <Filter Include="98. Diablo2">
      <UniqueIdentifier>{47803ce0-6039-4317-be70-84b6802faf64}</UniqueIdentifier>
    </Filter>
    <Filter Include="98. Diablo2\99. Header">
      <UniqueIdentifier>{78668f63-396a-4b8e-aaff-3935a913b558}</UniqueIdentifier>
    </Filter>
    <Filter Include="98. Diablo2\01. Component">
      <UniqueIdentifier>{5a5629a1-358d-46a2-9817-80c16bb14715}</UniqueIdentifier>
    </Filter>
    <Filter Include="98. Diablo2\01. Component\00. SceneComponent">
      <UniqueIdentifier>{ac6587ac-fa6c-449d-80aa-dad4d1fd5ee0}</UniqueIdentifier>
    </Filter>
    <Filter Include="98. Diablo2\01. Component\01. ObjectComponent">
      <UniqueIdentifier>{558a634d-d700-4daa-a23b-796491691f76}</UniqueIdentifier>
    </Filter>
    <Filter Include="98. Diablo2\98. Util">
      <UniqueIdentifier>{e74f8f6b-5410-43fb-a4b4-bc4e5bf178b9}</UniqueIdentifier>
    </Filter>
    <Filter Include="98. Diablo2\01. Component\01. ObjectComponent\00. DataManager">
      <UniqueIdentifier>{4e523f4a-3dad-46cf-9f2c-53f232796c51}</UniqueIdentifier>
    </Filter>
    <Filter Include="98. Diablo2\01. Component\01. ObjectComponent\01. CharacterInfo">
      <UniqueIdentifier>{6667c3bc-e96d-4019-b6fc-7a209e820b4a}</UniqueIdentifier>
    </Filter>
    <Filter Include="98. Diablo2\01. Component\01. ObjectComponent\03. ObjectPool">
      <UniqueIdentifier>{12ca6383-fdb5-4867-95eb-99955a77a195}</UniqueIdentifier>
    </Filter>
    <Filter Include="98. Diablo2\01. Component\01. ObjectComponent\04. D2Nav">
      <UniqueIdentifier>{b62634ef-82b8-4668-b741-836917103f71}</UniqueIdentifier>
    </Filter>
    <Filter Include="98. Diablo2\02. UI">
      <UniqueIdentifier>{d86fef05-077f-43a8-9699-25b4fe22f38d}</UniqueIdentifier>
    </Filter>
    <Filter Include="98. Diablo2\01. Component\01. ObjectComponent\05. Collider">
      <UniqueIdentifier>{45720af9-78a7-40dc-8ca0-341baaf70875}</UniqueIdentifier>
    </Filter>
    <Filter Include="98. Diablo2\01. Component\01. ObjectComponent\06. State">
      <UniqueIdentifier>{73bb5d70-97a4-45f5-91ed-8347859e646d}</UniqueIdentifier>
    </Filter>
    <Filter Include="98. Diablo2\01. Component\01. ObjectComponent\06. State\00. State">
      <UniqueIdentifier>{96a1277b-94f3-4aec-8ef1-7b283c5158a9}</UniqueIdentifier>
    </Filter>
    <Filter Include="98. Diablo2\01. Component\01. ObjectComponent\06. State\00. State\01. Player">
      <UniqueIdentifier>{c7a88d19-8526-49fb-af4f-674211888e4d}</UniqueIdentifier>
    </Filter>
    <Filter Include="98. Diablo2\01. Component\01. ObjectComponent\06. State\00. State\02. Enemy">
      <UniqueIdentifier>{429750c1-18fe-40cf-91dd-05502a0682f3}</UniqueIdentifier>
    </Filter>
    <Filter Include="98. Diablo2\01. Component\01. ObjectComponent\02. Skill">
      <UniqueIdentifier>{b09009c6-03f0-4d42-bdfe-823da91ebbfb}</UniqueIdentifier>
    </Filter>
    <Filter Include="98. Diablo2\01. Component\01. ObjectComponent\02. Skill\01. PlayerSkill">
      <UniqueIdentifier>{f6b1f3f8-795b-4e5c-a628-7ca7837ff528}</UniqueIdentifier>
    </Filter>
    <Filter Include="98. Diablo2\01. Component\01. ObjectComponent\02. Skill\02. EnemySkill">
      <UniqueIdentifier>{2075f5ba-0672-44fd-aa7e-9b71ad96187a}</UniqueIdentifier>
    </Filter>
    <Filter Include="98. Diablo2\01. Component\01. ObjectComponent\06. State\00. State\02. Enemy\01. Normal">
      <UniqueIdentifier>{49bc68a8-1630-43c4-9b0a-e30cdbf411ba}</UniqueIdentifier>
    </Filter>
    <Filter Include="98. Diablo2\01. Component\01. ObjectComponent\06. State\00. State\02. Enemy\02. Andariel">
      <UniqueIdentifier>{f7ed40a2-19f5-4a1d-bc70-c04fee5543ea}</UniqueIdentifier>
    </Filter>
    <Filter Include="98. Diablo2\01. Component\01. ObjectComponent\07. Effect">
      <UniqueIdentifier>{5c868ba9-054a-45fc-805e-a2c2226f2c2e}</UniqueIdentifier>
    </Filter>
    <Filter Include="98. Diablo2\01. Component\01. ObjectComponent\08. Inventory">
      <UniqueIdentifier>{49ac6805-1309-4f1f-afa5-e12af547924c}</UniqueIdentifier>
    </Filter>
    <Filter Include="98. Diablo2\01. Component\01. ObjectComponent\09. ItemTable">
      <UniqueIdentifier>{8fc44189-0df6-4d0c-8d71-82cf16718d09}</UniqueIdentifier>
    </Filter>
    <Filter Include="98. Diablo2\01. Component\01. ObjectComponent\10. UI">
      <UniqueIdentifier>{ad9ad08e-1794-4887-9c2d-7f5ad743943b}</UniqueIdentifier>
    </Filter>
    <Filter Include="98. Diablo2\03. Scene">
      <UniqueIdentifier>{16b6890f-fdd2-4972-9480-c7632e276cd7}</UniqueIdentifier>
    </Filter>
    <Filter Include="98. Diablo2\01. Component\01. ObjectComponent\06. State\00. State\02. Enemy\03. Skeleton">
      <UniqueIdentifier>{076a6993-796b-419f-8609-ae891e1a1322}</UniqueIdentifier>
    </Filter>
    <Filter Include="98. Diablo2\04. Resource">
      <UniqueIdentifier>{855f7438-6f11-4d5d-b7cc-0611a0f6ccc5}</UniqueIdentifier>
    </Filter>
    <Filter Include="98. Diablo2\04. Resource\01. Shader">
      <UniqueIdentifier>{e83a00ad-8aae-425a-aa90-60a5de14addb}</UniqueIdentifier>
    </Filter>
    <Filter Include="98. Diablo2\04. Resource\01. Shader\01. hlsl">
      <UniqueIdentifier>{5157b591-5c1d-4df2-9a85-20211ce44534}</UniqueIdentifier>
    </Filter>
    <Filter Include="98. Diablo2\04. Resource\01. Shader\02. ShaderClass">
      <UniqueIdentifier>{e1f8a9c9-cbc6-43d6-ba8b-4f5a52546d5c}</UniqueIdentifier>
    </Filter>
    <Filter Include="98. Diablo2\04. Resource\01. Shader\02. ShaderClass\01. ShadowShader">
      <UniqueIdentifier>{47d14649-d527-431a-a421-584563f2215e}</UniqueIdentifier>
    </Filter>
    <Filter Include="98. Diablo2\04. Resource\02. Mesh">
      <UniqueIdentifier>{591ada6f-9545-4d86-a2d6-251a8437e267}</UniqueIdentifier>
    </Filter>
    <Filter Include="98. Diablo2\01. Component\01. ObjectComponent\13. ClickableObject">
      <UniqueIdentifier>{cfd27f68-f4c8-459f-9016-6159d2ed527e}</UniqueIdentifier>
    </Filter>
    <Filter Include="98. Diablo2\01. Component\01. ObjectComponent\12. ProcedualMapGeneartor">
      <UniqueIdentifier>{61afb032-d272-46cb-9782-4512a03bbc17}</UniqueIdentifier>
    </Filter>
    <Filter Include="98. Diablo2\01. Component\01. ObjectComponent\13. ClickableObject\01. ItemObject">
      <UniqueIdentifier>{01966646-a92c-4dc5-9b01-58cee665fd51}</UniqueIdentifier>
    </Filter>
    <Filter Include="98. Diablo2\01. Component\01. ObjectComponent\13. ClickableObject\02. PortalObject">
      <UniqueIdentifier>{3e868a2b-1dad-48de-b942-da42ccbd52c2}</UniqueIdentifier>
    </Filter>
    <Filter Include="98. Diablo2\01. Component\00. SceneComponent\01. Shadow">
      <UniqueIdentifier>{ff6571e4-ed5e-4229-bb1f-1e9bc5edc1d7}</UniqueIdentifier>
    </Filter>
    <Filter Include="98. Diablo2\01. Component\00. SceneComponent\02. ClickableObjectUI">
      <UniqueIdentifier>{83535359-f51a-43b8-9dc6-27f9f72964c9}</UniqueIdentifier>
    </Filter>
    <Filter Include="98. Diablo2\01. Component\01. ObjectComponent\10. UI\11. DungeonManager">
      <UniqueIdentifier>{844645ad-8342-4f16-9d26-66079cf039d2}</UniqueIdentifier>
    </Filter>
    <Filter Include="98. Diablo2\01. Component\01. ObjectComponent\13. ClickableObject\03. Chest">
      <UniqueIdentifier>{8f9a66f8-f423-4e94-b109-2f66f4d2265e}</UniqueIdentifier>
    </Filter>
  </ItemGroup>
  <ItemGroup>
    <ClInclude Include="framework.h">
      <Filter>Header Files</Filter>
    </ClInclude>
    <ClInclude Include="targetver.h">
      <Filter>Header Files</Filter>
    </ClInclude>
    <ClInclude Include="Resource.h">
      <Filter>Header Files</Filter>
    </ClInclude>
    <ClInclude Include="EditorManager.h">
      <Filter>Header Files</Filter>
    </ClInclude>
    <ClInclude Include="Scene\DefaultScene.h">
      <Filter>01. Scene</Filter>
    </ClInclude>
    <ClInclude Include="Window\SpriteWindow.h">
      <Filter>02. Window</Filter>
    </ClInclude>
    <ClInclude Include="Object\SpriteEditObject.h">
      <Filter>03. Object</Filter>
    </ClInclude>
    <ClInclude Include="Object\DragObject.h">
      <Filter>03. Object</Filter>
    </ClInclude>
    <ClInclude Include="Window\ObjectHierachyWindow.h">
      <Filter>02. Window</Filter>
    </ClInclude>
    <ClInclude Include="Window\EditorMenuWindow.h">
      <Filter>02. Window</Filter>
    </ClInclude>
    <ClInclude Include="Window\DetailWindow.h">
      <Filter>02. Window</Filter>
    </ClInclude>
    <ClInclude Include="EditorInfo.h">
      <Filter>Header Files</Filter>
    </ClInclude>
    <ClInclude Include="Object\Player2D.h">
      <Filter>03. Object</Filter>
    </ClInclude>
    <ClInclude Include="Object\CameraObject.h">
      <Filter>03. Object</Filter>
    </ClInclude>
    <ClInclude Include="WIdget\SpriteControlWidget.h">
      <Filter>04. IMGUIWidget</Filter>
    </ClInclude>
    <ClInclude Include="WIdget\ComponentControlWidget.h">
      <Filter>04. IMGUIWidget</Filter>
    </ClInclude>
    <ClInclude Include="Widget\ColliderControlWidget.h">
      <Filter>04. IMGUIWidget</Filter>
    </ClInclude>
    <ClInclude Include="Widget\WidgetControlWidget.h">
      <Filter>04. IMGUIWidget</Filter>
    </ClInclude>
    <ClInclude Include="Window\CollisionProfileWindow.h">
      <Filter>02. Window</Filter>
    </ClInclude>
    <ClInclude Include="Widget\TileMapControlWidget.h">
      <Filter>04. IMGUIWidget</Filter>
    </ClInclude>
    <ClInclude Include="Window\TileSetEditWindow.h">
      <Filter>02. Window</Filter>
    </ClInclude>
    <ClInclude Include="Widget\MapGeneratorWidget.h">
      <Filter>04. IMGUIWidget</Filter>
    </ClInclude>
    <ClInclude Include="Widget\NavAgentControlWidget.h">
      <Filter>04. IMGUIWidget</Filter>
    </ClInclude>
    <ClInclude Include="Widget\StateControlWidget.h">
      <Filter>04. IMGUIWidget</Filter>
    </ClInclude>
    <ClInclude Include="EditorUtil.h">
      <Filter>99. Util</Filter>
    </ClInclude>
    <ClInclude Include="EditorEnum.h">
      <Filter>Header Files</Filter>
    </ClInclude>
    <ClInclude Include="Diablo2\D2Info.h">
      <Filter>98. Diablo2\99. Header</Filter>
    </ClInclude>
    <ClInclude Include="Diablo2\D2Flag.h">
      <Filter>98. Diablo2\99. Header</Filter>
    </ClInclude>
    <ClInclude Include="Diablo2\D2Util.h">
      <Filter>98. Diablo2\98. Util</Filter>
    </ClInclude>
    <ClInclude Include="Widget\CameraControlWidget.h">
      <Filter>04. IMGUIWidget</Filter>
    </ClInclude>
    <ClInclude Include="Widget\D2DataManagerControlWidget.h">
      <Filter>04. IMGUIWidget</Filter>
    </ClInclude>
    <ClInclude Include="Widget\D2CharInfoWidget.h">
      <Filter>04. IMGUIWidget</Filter>
    </ClInclude>
    <ClInclude Include="Widget\D2ProjectileWidget.h">
      <Filter>04. IMGUIWidget</Filter>
    </ClInclude>
    <ClInclude Include="Diablo2\Component\D2DataManagerComponent.h">
      <Filter>98. Diablo2\01. Component\01. ObjectComponent\00. DataManager</Filter>
    </ClInclude>
    <ClInclude Include="Diablo2\Component\D2CharacterInfoComponent.h">
      <Filter>98. Diablo2\01. Component\01. ObjectComponent\01. CharacterInfo</Filter>
    </ClInclude>
    <ClInclude Include="Diablo2\Component\D2DataManager.h">
      <Filter>98. Diablo2\01. Component\01. ObjectComponent\00. DataManager</Filter>
    </ClInclude>
    <ClInclude Include="Diablo2\Component\D2PlayerSkillComponent.h">
      <Filter>98. Diablo2\01. Component\01. ObjectComponent\02. Skill\01. PlayerSkill</Filter>
    </ClInclude>
    <ClInclude Include="Diablo2\Component\D2ProjectTile.h">
      <Filter>98. Diablo2\01. Component\01. ObjectComponent\02. Skill\01. PlayerSkill</Filter>
    </ClInclude>
    <ClInclude Include="Diablo2\Component\D2Skill.h">
      <Filter>98. Diablo2\01. Component\01. ObjectComponent\02. Skill\01. PlayerSkill</Filter>
    </ClInclude>
    <ClInclude Include="Diablo2\Component\D2SkillObject.h">
      <Filter>98. Diablo2\01. Component\01. ObjectComponent\02. Skill\01. PlayerSkill</Filter>
    </ClInclude>
    <ClInclude Include="Diablo2\Component\D2MeleeAttack.h">
      <Filter>98. Diablo2\01. Component\01. ObjectComponent\02. Skill\01. PlayerSkill</Filter>
    </ClInclude>
    <ClInclude Include="Diablo2\Component\D2Blaze.h">
      <Filter>98. Diablo2\01. Component\01. ObjectComponent\02. Skill\01. PlayerSkill</Filter>
    </ClInclude>
    <ClInclude Include="Diablo2\Component\D2Meteor.h">
      <Filter>98. Diablo2\01. Component\01. ObjectComponent\02. Skill\01. PlayerSkill</Filter>
    </ClInclude>
    <ClInclude Include="Diablo2\Component\D2MeteorTarget.h">
      <Filter>98. Diablo2\01. Component\01. ObjectComponent\02. Skill\01. PlayerSkill</Filter>
    </ClInclude>
    <ClInclude Include="Diablo2\Component\D2MeteorFire.h">
      <Filter>98. Diablo2\01. Component\01. ObjectComponent\02. Skill\01. PlayerSkill</Filter>
    </ClInclude>
    <ClInclude Include="Diablo2\Component\D2FrozenOrb.h">
      <Filter>98. Diablo2\01. Component\01. ObjectComponent\02. Skill\01. PlayerSkill</Filter>
    </ClInclude>
    <ClInclude Include="Diablo2\Component\D2Teleport.h">
      <Filter>98. Diablo2\01. Component\01. ObjectComponent\02. Skill\01. PlayerSkill</Filter>
    </ClInclude>
    <ClInclude Include="Diablo2\Component\D2ObjectPoolComponent.h">
      <Filter>98. Diablo2\01. Component\01. ObjectComponent\03. ObjectPool</Filter>
    </ClInclude>
    <ClInclude Include="Diablo2\Component\D2ObjectPool.h">
      <Filter>98. Diablo2\01. Component\01. ObjectComponent\03. ObjectPool</Filter>
    </ClInclude>
    <ClInclude Include="Diablo2\Component\D2NavAgentComponent.h">
      <Filter>98. Diablo2\01. Component\01. ObjectComponent\04. D2Nav</Filter>
    </ClInclude>
    <ClInclude Include="Diablo2\UI\D2FrameWidget.h">
      <Filter>98. Diablo2\02. UI</Filter>
    </ClInclude>
    <ClInclude Include="Widget\SceneComponentControlWidget.h">
      <Filter>04. IMGUIWidget</Filter>
    </ClInclude>
    <ClInclude Include="Diablo2\State\PlayerCastingState.h">
      <Filter>98. Diablo2\01. Component\01. ObjectComponent\06. State\00. State\01. Player</Filter>
    </ClInclude>
    <ClInclude Include="Diablo2\State\PlayerIdleState.h">
      <Filter>98. Diablo2\01. Component\01. ObjectComponent\06. State\00. State\01. Player</Filter>
    </ClInclude>
    <ClInclude Include="Diablo2\State\PlayerRunState.h">
      <Filter>98. Diablo2\01. Component\01. ObjectComponent\06. State\00. State\01. Player</Filter>
    </ClInclude>
    <ClInclude Include="Diablo2\State\PlayerWalkState.h">
      <Filter>98. Diablo2\01. Component\01. ObjectComponent\06. State\00. State\01. Player</Filter>
    </ClInclude>
    <ClInclude Include="Diablo2\State\D2State.h">
      <Filter>98. Diablo2\01. Component\01. ObjectComponent\06. State\00. State</Filter>
    </ClInclude>
    <ClInclude Include="Diablo2\Component\D2PlayerCollider.h">
      <Filter>98. Diablo2\01. Component\01. ObjectComponent\05. Collider</Filter>
    </ClInclude>
    <ClInclude Include="Diablo2\Component\D2StateComponent.h">
      <Filter>98. Diablo2\01. Component\01. ObjectComponent\06. State</Filter>
    </ClInclude>
    <ClInclude Include="Diablo2\State\PlayerHitState.h">
      <Filter>98. Diablo2\01. Component\01. ObjectComponent\06. State\00. State\01. Player</Filter>
    </ClInclude>
    <ClInclude Include="Diablo2\Component\D2EnemyNavAgentComponent.h">
      <Filter>98. Diablo2\01. Component\01. ObjectComponent\04. D2Nav</Filter>
    </ClInclude>
    <ClInclude Include="Diablo2\Component\D2EnemyCollider.h">
      <Filter>98. Diablo2\01. Component\01. ObjectComponent\05. Collider</Filter>
    </ClInclude>
    <ClInclude Include="Diablo2\Component\D2EnemySkillComponent.h">
      <Filter>98. Diablo2\01. Component\01. ObjectComponent\02. Skill\02. EnemySkill</Filter>
    </ClInclude>
    <ClInclude Include="Diablo2\Component\D2EnemyMeleeAttack.h">
      <Filter>98. Diablo2\01. Component\01. ObjectComponent\02. Skill\02. EnemySkill</Filter>
    </ClInclude>
    <ClInclude Include="Diablo2\State\D2EnemyDeadState.h">
      <Filter>98. Diablo2\01. Component\01. ObjectComponent\06. State\00. State\02. Enemy\01. Normal</Filter>
    </ClInclude>
    <ClInclude Include="Diablo2\State\D2EnemyDieState.h">
      <Filter>98. Diablo2\01. Component\01. ObjectComponent\06. State\00. State\02. Enemy\01. Normal</Filter>
    </ClInclude>
    <ClInclude Include="Diablo2\State\D2EnemyHitState.h">
      <Filter>98. Diablo2\01. Component\01. ObjectComponent\06. State\00. State\02. Enemy\01. Normal</Filter>
    </ClInclude>
    <ClInclude Include="Diablo2\State\D2EnemyIdleState.h">
      <Filter>98. Diablo2\01. Component\01. ObjectComponent\06. State\00. State\02. Enemy\01. Normal</Filter>
    </ClInclude>
    <ClInclude Include="Diablo2\State\D2EnemyMeleeAttackState.h">
      <Filter>98. Diablo2\01. Component\01. ObjectComponent\06. State\00. State\02. Enemy\01. Normal</Filter>
    </ClInclude>
    <ClInclude Include="Diablo2\State\D2EnemyMoveState.h">
      <Filter>98. Diablo2\01. Component\01. ObjectComponent\06. State\00. State\02. Enemy\01. Normal</Filter>
    </ClInclude>
    <ClInclude Include="Diablo2\State\D2AndarielIdleState.h">
      <Filter>98. Diablo2\01. Component\01. ObjectComponent\06. State\00. State\02. Enemy\02. Andariel</Filter>
    </ClInclude>
    <ClInclude Include="Diablo2\State\D2AndarielMoveState.h">
      <Filter>98. Diablo2\01. Component\01. ObjectComponent\06. State\00. State\02. Enemy\02. Andariel</Filter>
    </ClInclude>
    <ClInclude Include="Diablo2\State\D2AndarielDeadState.h">
      <Filter>98. Diablo2\01. Component\01. ObjectComponent\06. State\00. State\02. Enemy\02. Andariel</Filter>
    </ClInclude>
    <ClInclude Include="Diablo2\State\D2AndarielSprayState.h">
      <Filter>98. Diablo2\01. Component\01. ObjectComponent\06. State\00. State\02. Enemy\02. Andariel</Filter>
    </ClInclude>
    <ClInclude Include="Diablo2\State\D2AndarielProjectileState.h">
      <Filter>98. Diablo2\01. Component\01. ObjectComponent\06. State\00. State\02. Enemy\02. Andariel</Filter>
    </ClInclude>
    <ClInclude Include="Diablo2\State\D2AndarielMeleeAttackState.h">
      <Filter>98. Diablo2\01. Component\01. ObjectComponent\06. State\00. State\02. Enemy\02. Andariel</Filter>
    </ClInclude>
    <ClInclude Include="Diablo2\State\D2AndarielDieState.h">
      <Filter>98. Diablo2\01. Component\01. ObjectComponent\06. State\00. State\02. Enemy\02. Andariel</Filter>
    </ClInclude>
    <ClInclude Include="Diablo2\Component\D2Effect.h">
      <Filter>98. Diablo2\01. Component\01. ObjectComponent\07. Effect</Filter>
    </ClInclude>
    <ClInclude Include="Diablo2\Component\D2Inventory.h">
      <Filter>98. Diablo2\01. Component\01. ObjectComponent\08. Inventory</Filter>
    </ClInclude>
    <ClInclude Include="Diablo2\Component\D2Item.h">
      <Filter>98. Diablo2\01. Component\01. ObjectComponent\08. Inventory</Filter>
    </ClInclude>
    <ClInclude Include="Diablo2\Component\D2ItemTableComponent.h">
      <Filter>98. Diablo2\01. Component\01. ObjectComponent\09. ItemTable</Filter>
    </ClInclude>
    <ClInclude Include="Diablo2\Component\D2ItemTable.h">
      <Filter>98. Diablo2\01. Component\01. ObjectComponent\09. ItemTable</Filter>
    </ClInclude>
    <ClInclude Include="Diablo2\Component\D2EquipItem.h">
      <Filter>98. Diablo2\01. Component\01. ObjectComponent\08. Inventory</Filter>
    </ClInclude>
    <ClInclude Include="Diablo2\Component\D2UsableItem.h">
      <Filter>98. Diablo2\01. Component\01. ObjectComponent\08. Inventory</Filter>
    </ClInclude>
    <ClInclude Include="Diablo2\UI\D2InventoryWindow.h">
      <Filter>98. Diablo2\02. UI</Filter>
    </ClInclude>
    <ClInclude Include="Diablo2\Component\D2UIManager.h">
      <Filter>98. Diablo2\01. Component\01. ObjectComponent\10. UI</Filter>
    </ClInclude>
    <ClInclude Include="Diablo2\UI\D2StatusBarWindow.h">
      <Filter>98. Diablo2\02. UI</Filter>
    </ClInclude>
    <ClInclude Include="Diablo2\UI\D2MenuBorder.h">
      <Filter>98. Diablo2\02. UI</Filter>
    </ClInclude>
    <ClInclude Include="Diablo2\Component\D2UIManagerComponent.h">
      <Filter>98. Diablo2\01. Component\01. ObjectComponent\10. UI</Filter>
    </ClInclude>
    <ClInclude Include="Diablo2\UI\D2MouseNormal.h">
      <Filter>98. Diablo2\02. UI</Filter>
    </ClInclude>
    <ClInclude Include="Diablo2\UI\D2MouseItemSelect.h">
      <Filter>98. Diablo2\02. UI</Filter>
    </ClInclude>
    <ClInclude Include="Diablo2\Component\D2ItemObjectComponent.h">
      <Filter>98. Diablo2\01. Component\01. ObjectComponent\13. ClickableObject\01. ItemObject</Filter>
    </ClInclude>
    <ClInclude Include="Diablo2\Component\D2ProcedualMapGenerator.h">
      <Filter>98. Diablo2\01. Component\01. ObjectComponent\12. ProcedualMapGeneartor</Filter>
    </ClInclude>
    <ClInclude Include="Diablo2\Component\D2Space.h">
      <Filter>98. Diablo2\01. Component\01. ObjectComponent\12. ProcedualMapGeneartor</Filter>
    </ClInclude>
    <ClInclude Include="Diablo2\Component\D2Room.h">
      <Filter>98. Diablo2\01. Component\01. ObjectComponent\12. ProcedualMapGeneartor</Filter>
    </ClInclude>
    <ClInclude Include="Widget\D2ProcedualMapGeneratorControlWidget.h">
      <Filter>04. IMGUIWidget</Filter>
    </ClInclude>
    <ClInclude Include="Diablo2\Component\D2DungeonManager.h">
      <Filter>98. Diablo2\01. Component\01. ObjectComponent\10. UI\11. DungeonManager</Filter>
    </ClInclude>
    <ClInclude Include="Diablo2\UI\D2IntroWindow.h">
      <Filter>98. Diablo2\02. UI</Filter>
    </ClInclude>
    <ClInclude Include="Diablo2\Component\D2DungeonManagerComponent.h">
      <Filter>98. Diablo2\01. Component\01. ObjectComponent\10. UI\11. DungeonManager</Filter>
    </ClInclude>
    <ClInclude Include="Diablo2\UI\D2LoadingWindow.h">
      <Filter>98. Diablo2\02. UI</Filter>
    </ClInclude>
    <ClInclude Include="Diablo2\Scene\D2MainScene.h">
      <Filter>98. Diablo2\03. Scene</Filter>
    </ClInclude>
    <ClInclude Include="Diablo2\Scene\D2IntroScene.h">
      <Filter>98. Diablo2\03. Scene</Filter>
    </ClInclude>
    <ClInclude Include="Diablo2\Scene\D2LoadingScene.h">
      <Filter>98. Diablo2\03. Scene</Filter>
    </ClInclude>
    <ClInclude Include="Diablo2\Scene\D2LoadingThread.h">
      <Filter>98. Diablo2\03. Scene</Filter>
    </ClInclude>
    <ClInclude Include="Diablo2\UI\D2SkillTreeWindow.h">
      <Filter>98. Diablo2\02. UI</Filter>
    </ClInclude>
    <ClInclude Include="Diablo2\UI\D2SkillSelectWindow.h">
      <Filter>98. Diablo2\02. UI</Filter>
    </ClInclude>
    <ClInclude Include="Diablo2\UI\D2MonsterStatusWindow.h">
      <Filter>98. Diablo2\02. UI</Filter>
    </ClInclude>
    <ClInclude Include="Diablo2\State\D2SkeletonIdleState.h">
      <Filter>98. Diablo2\01. Component\01. ObjectComponent\06. State\00. State\02. Enemy\03. Skeleton</Filter>
    </ClInclude>
    <ClInclude Include="Diablo2\State\D2SkeletonMoveState.h">
      <Filter>98. Diablo2\01. Component\01. ObjectComponent\06. State\00. State\02. Enemy\03. Skeleton</Filter>
    </ClInclude>
    <ClInclude Include="Diablo2\State\D2SkeletonAttackState.h">
      <Filter>98. Diablo2\01. Component\01. ObjectComponent\06. State\00. State\02. Enemy\03. Skeleton</Filter>
    </ClInclude>
    <ClInclude Include="Diablo2\Resource\Shader\D2ShadowShader.h">
      <Filter>98. Diablo2\04. Resource\01. Shader\02. ShaderClass\01. ShadowShader</Filter>
    </ClInclude>
    <ClInclude Include="Diablo2\Resource\Mesh\D2ShadowMesh.h">
      <Filter>98. Diablo2\04. Resource\02. Mesh</Filter>
    </ClInclude>
    <ClInclude Include="Diablo2\Component\D2PortalObject.h">
      <Filter>98. Diablo2\01. Component\01. ObjectComponent\13. ClickableObject\02. PortalObject</Filter>
    </ClInclude>
    <ClInclude Include="Diablo2\Scene\D2EndingScene.h">
      <Filter>98. Diablo2\03. Scene</Filter>
    </ClInclude>
    <ClInclude Include="Diablo2\UI\D2EndingWidget.h">
      <Filter>98. Diablo2\02. UI</Filter>
    </ClInclude>
    <ClInclude Include="Widget\D2ShadowComponentWidget.h">
      <Filter>04. IMGUIWidget</Filter>
    </ClInclude>
    <ClInclude Include="Diablo2\State\D2SkeletonHitState.h">
      <Filter>98. Diablo2\01. Component\01. ObjectComponent\06. State\00. State\02. Enemy\03. Skeleton</Filter>
    </ClInclude>
    <ClInclude Include="Diablo2\Component\D2ClickableObject.h">
      <Filter>98. Diablo2\01. Component\01. ObjectComponent\13. ClickableObject</Filter>
    </ClInclude>
    <ClInclude Include="Diablo2\UI\D2ClickableObjectWindow.h">
      <Filter>98. Diablo2\02. UI</Filter>
    </ClInclude>
    <ClInclude Include="Diablo2\Component\D2ShadowComponent.h">
      <Filter>98. Diablo2\01. Component\00. SceneComponent\01. Shadow</Filter>
    </ClInclude>
    <ClInclude Include="Diablo2\Component\D2ClickableUIComponent.h">
      <Filter>98. Diablo2\01. Component\00. SceneComponent\02. ClickableObjectUI</Filter>
    </ClInclude>
    <ClInclude Include="Diablo2\Component\D2ChestObject.h">
      <Filter>98. Diablo2\01. Component\01. ObjectComponent\13. ClickableObject\03. Chest</Filter>
    </ClInclude>
  </ItemGroup>
  <ItemGroup>
    <ClCompile Include="EditorManager.cpp">
      <Filter>Source Files</Filter>
    </ClCompile>
    <ClCompile Include="main.cpp">
      <Filter>Source Files</Filter>
    </ClCompile>
    <ClCompile Include="Scene\DefaultScene.cpp">
      <Filter>01. Scene</Filter>
    </ClCompile>
    <ClCompile Include="Window\SpriteWindow.cpp">
      <Filter>02. Window</Filter>
    </ClCompile>
    <ClCompile Include="Object\SpriteEditObject.cpp">
      <Filter>03. Object</Filter>
    </ClCompile>
    <ClCompile Include="Object\DragObject.cpp">
      <Filter>03. Object</Filter>
    </ClCompile>
    <ClCompile Include="Window\ObjectHierachyWindow.cpp">
      <Filter>02. Window</Filter>
    </ClCompile>
    <ClCompile Include="Window\EditorMenuWindow.cpp">
      <Filter>02. Window</Filter>
    </ClCompile>
    <ClCompile Include="Window\DetailWindow.cpp">
      <Filter>02. Window</Filter>
    </ClCompile>
    <ClCompile Include="Object\Player2D.cpp">
      <Filter>03. Object</Filter>
    </ClCompile>
    <ClCompile Include="Object\CameraObject.cpp">
      <Filter>03. Object</Filter>
    </ClCompile>
    <ClCompile Include="WIdget\ComponentControlWidget.cpp">
      <Filter>04. IMGUIWidget</Filter>
    </ClCompile>
    <ClCompile Include="WIdget\SpriteControlWidget.cpp">
      <Filter>04. IMGUIWidget</Filter>
    </ClCompile>
    <ClCompile Include="Widget\ColliderControlWidget.cpp">
      <Filter>04. IMGUIWidget</Filter>
    </ClCompile>
    <ClCompile Include="Widget\WidgetControlWidget.cpp">
      <Filter>04. IMGUIWidget</Filter>
    </ClCompile>
    <ClCompile Include="Window\CollisionProfileWindow.cpp">
      <Filter>02. Window</Filter>
    </ClCompile>
    <ClCompile Include="Widget\TileMapControlWidget.cpp">
      <Filter>04. IMGUIWidget</Filter>
    </ClCompile>
    <ClCompile Include="Window\TileSetEditWindow.cpp">
      <Filter>02. Window</Filter>
    </ClCompile>
    <ClCompile Include="Widget\MapGeneratorWidget.cpp">
      <Filter>04. IMGUIWidget</Filter>
    </ClCompile>
    <ClCompile Include="Widget\NavAgentControlWidget.cpp">
      <Filter>04. IMGUIWidget</Filter>
    </ClCompile>
    <ClCompile Include="Widget\StateControlWidget.cpp">
      <Filter>04. IMGUIWidget</Filter>
    </ClCompile>
    <ClCompile Include="EditorUtil.cpp">
      <Filter>99. Util</Filter>
    </ClCompile>
    <ClCompile Include="Diablo2\D2Util.cpp">
      <Filter>98. Diablo2\98. Util</Filter>
    </ClCompile>
    <ClCompile Include="Widget\CameraControlWidget.cpp">
      <Filter>04. IMGUIWidget</Filter>
    </ClCompile>
    <ClCompile Include="Widget\D2DataManagerControlWidget.cpp">
      <Filter>04. IMGUIWidget</Filter>
    </ClCompile>
    <ClCompile Include="Widget\D2CharInfoWidget.cpp">
      <Filter>04. IMGUIWidget</Filter>
    </ClCompile>
    <ClCompile Include="Widget\D2ProjectileWidget.cpp">
      <Filter>04. IMGUIWidget</Filter>
    </ClCompile>
    <ClCompile Include="Diablo2\Component\D2DataManagerComponent.cpp">
      <Filter>98. Diablo2\01. Component\01. ObjectComponent\00. DataManager</Filter>
    </ClCompile>
    <ClCompile Include="Diablo2\Component\D2CharacterInfoComponent.cpp">
      <Filter>98. Diablo2\01. Component\01. ObjectComponent\01. CharacterInfo</Filter>
    </ClCompile>
    <ClCompile Include="Diablo2\Component\D2DataManager.cpp">
      <Filter>98. Diablo2\01. Component\01. ObjectComponent\00. DataManager</Filter>
    </ClCompile>
    <ClCompile Include="Diablo2\Component\D2PlayerSkillComponent.cpp">
      <Filter>98. Diablo2\01. Component\01. ObjectComponent\02. Skill\01. PlayerSkill</Filter>
    </ClCompile>
    <ClCompile Include="Diablo2\Component\D2ProjectTile.cpp">
      <Filter>98. Diablo2\01. Component\01. ObjectComponent\02. Skill\01. PlayerSkill</Filter>
    </ClCompile>
    <ClCompile Include="Diablo2\Component\D2Skill.cpp">
      <Filter>98. Diablo2\01. Component\01. ObjectComponent\02. Skill\01. PlayerSkill</Filter>
    </ClCompile>
    <ClCompile Include="Diablo2\Component\D2SkillObject.cpp">
      <Filter>98. Diablo2\01. Component\01. ObjectComponent\02. Skill\01. PlayerSkill</Filter>
    </ClCompile>
    <ClCompile Include="Diablo2\Component\D2MeleeAttack.cpp">
      <Filter>98. Diablo2\01. Component\01. ObjectComponent\02. Skill\01. PlayerSkill</Filter>
    </ClCompile>
    <ClCompile Include="Diablo2\Component\D2Blaze.cpp">
      <Filter>98. Diablo2\01. Component\01. ObjectComponent\02. Skill\01. PlayerSkill</Filter>
    </ClCompile>
    <ClCompile Include="Diablo2\Component\D2Meteor.cpp">
      <Filter>98. Diablo2\01. Component\01. ObjectComponent\02. Skill\01. PlayerSkill</Filter>
    </ClCompile>
    <ClCompile Include="Diablo2\Component\D2MeteorTarget.cpp">
      <Filter>98. Diablo2\01. Component\01. ObjectComponent\02. Skill\01. PlayerSkill</Filter>
    </ClCompile>
    <ClCompile Include="Diablo2\Component\D2MeteorFire.cpp">
      <Filter>98. Diablo2\01. Component\01. ObjectComponent\02. Skill\01. PlayerSkill</Filter>
    </ClCompile>
    <ClCompile Include="Diablo2\Component\D2FrozenOrb.cpp">
      <Filter>98. Diablo2\01. Component\01. ObjectComponent\02. Skill\01. PlayerSkill</Filter>
    </ClCompile>
    <ClCompile Include="Diablo2\Component\D2Teleport.cpp">
      <Filter>98. Diablo2\01. Component\01. ObjectComponent\02. Skill\01. PlayerSkill</Filter>
    </ClCompile>
    <ClCompile Include="Diablo2\Component\D2ObjectPoolComponent.cpp">
      <Filter>98. Diablo2\01. Component\01. ObjectComponent\03. ObjectPool</Filter>
    </ClCompile>
    <ClCompile Include="Diablo2\Component\D2ObjectPool.cpp">
      <Filter>98. Diablo2\01. Component\01. ObjectComponent\03. ObjectPool</Filter>
    </ClCompile>
    <ClCompile Include="Diablo2\Component\D2NavAgentComponent.cpp">
      <Filter>98. Diablo2\01. Component\01. ObjectComponent\04. D2Nav</Filter>
    </ClCompile>
    <ClCompile Include="Diablo2\UI\D2FrameWidget.cpp">
      <Filter>98. Diablo2\02. UI</Filter>
    </ClCompile>
    <ClCompile Include="Widget\SceneComponentControlWidget.cpp">
      <Filter>04. IMGUIWidget</Filter>
    </ClCompile>
    <ClCompile Include="Diablo2\State\PlayerCastingState.cpp">
      <Filter>98. Diablo2\01. Component\01. ObjectComponent\06. State\00. State\01. Player</Filter>
    </ClCompile>
    <ClCompile Include="Diablo2\State\PlayerIdleState.cpp">
      <Filter>98. Diablo2\01. Component\01. ObjectComponent\06. State\00. State\01. Player</Filter>
    </ClCompile>
    <ClCompile Include="Diablo2\State\PlayerRunState.cpp">
      <Filter>98. Diablo2\01. Component\01. ObjectComponent\06. State\00. State\01. Player</Filter>
    </ClCompile>
    <ClCompile Include="Diablo2\State\PlayerWalkState.cpp">
      <Filter>98. Diablo2\01. Component\01. ObjectComponent\06. State\00. State\01. Player</Filter>
    </ClCompile>
    <ClCompile Include="Diablo2\State\D2State.cpp">
      <Filter>98. Diablo2\01. Component\01. ObjectComponent\06. State\00. State</Filter>
    </ClCompile>
    <ClCompile Include="Diablo2\Component\D2PlayerCollider.cpp">
      <Filter>98. Diablo2\01. Component\01. ObjectComponent\05. Collider</Filter>
    </ClCompile>
    <ClCompile Include="Diablo2\Component\D2StateComponent.cpp">
      <Filter>98. Diablo2\01. Component\01. ObjectComponent\06. State</Filter>
    </ClCompile>
    <ClCompile Include="Diablo2\State\PlayerHitState.cpp">
      <Filter>98. Diablo2\01. Component\01. ObjectComponent\06. State\00. State\01. Player</Filter>
    </ClCompile>
    <ClCompile Include="Diablo2\Component\D2EnemyNavAgentComponent.cpp">
      <Filter>98. Diablo2\01. Component\01. ObjectComponent\04. D2Nav</Filter>
    </ClCompile>
    <ClCompile Include="Diablo2\Component\D2EnemyCollider.cpp">
      <Filter>98. Diablo2\01. Component\01. ObjectComponent\05. Collider</Filter>
    </ClCompile>
    <ClCompile Include="Diablo2\Component\D2EnemySkillComponent.cpp">
      <Filter>98. Diablo2\01. Component\01. ObjectComponent\02. Skill\02. EnemySkill</Filter>
    </ClCompile>
    <ClCompile Include="Diablo2\Component\D2EnemyMeleeAttack.cpp">
      <Filter>98. Diablo2\01. Component\01. ObjectComponent\02. Skill\02. EnemySkill</Filter>
    </ClCompile>
    <ClCompile Include="Diablo2\State\D2EnemyDeadState.cpp">
      <Filter>98. Diablo2\01. Component\01. ObjectComponent\06. State\00. State\02. Enemy\01. Normal</Filter>
    </ClCompile>
    <ClCompile Include="Diablo2\State\D2EnemyDieState.cpp">
      <Filter>98. Diablo2\01. Component\01. ObjectComponent\06. State\00. State\02. Enemy\01. Normal</Filter>
    </ClCompile>
    <ClCompile Include="Diablo2\State\D2EnemyHitState.cpp">
      <Filter>98. Diablo2\01. Component\01. ObjectComponent\06. State\00. State\02. Enemy\01. Normal</Filter>
    </ClCompile>
    <ClCompile Include="Diablo2\State\D2EnemyIdleState.cpp">
      <Filter>98. Diablo2\01. Component\01. ObjectComponent\06. State\00. State\02. Enemy\01. Normal</Filter>
    </ClCompile>
    <ClCompile Include="Diablo2\State\D2EnemyMeleeAttackState.cpp">
      <Filter>98. Diablo2\01. Component\01. ObjectComponent\06. State\00. State\02. Enemy\01. Normal</Filter>
    </ClCompile>
    <ClCompile Include="Diablo2\State\D2EnemyMoveState.cpp">
      <Filter>98. Diablo2\01. Component\01. ObjectComponent\06. State\00. State\02. Enemy\01. Normal</Filter>
    </ClCompile>
    <ClCompile Include="Diablo2\State\D2AndarielIdleState.cpp">
      <Filter>98. Diablo2\01. Component\01. ObjectComponent\06. State\00. State\02. Enemy\02. Andariel</Filter>
    </ClCompile>
    <ClCompile Include="Diablo2\State\D2AndarielMoveState.cpp">
      <Filter>98. Diablo2\01. Component\01. ObjectComponent\06. State\00. State\02. Enemy\02. Andariel</Filter>
    </ClCompile>
    <ClCompile Include="Diablo2\State\D2AndarielDeadState.cpp">
      <Filter>98. Diablo2\01. Component\01. ObjectComponent\06. State\00. State\02. Enemy\02. Andariel</Filter>
    </ClCompile>
    <ClCompile Include="Diablo2\State\D2AndarielSprayState.cpp">
      <Filter>98. Diablo2\01. Component\01. ObjectComponent\06. State\00. State\02. Enemy\02. Andariel</Filter>
    </ClCompile>
    <ClCompile Include="Diablo2\State\D2AndarielProjectileState.cpp">
      <Filter>98. Diablo2\01. Component\01. ObjectComponent\06. State\00. State\02. Enemy\02. Andariel</Filter>
    </ClCompile>
    <ClCompile Include="Diablo2\State\D2AndarielMeleeAttackState.cpp">
      <Filter>98. Diablo2\01. Component\01. ObjectComponent\06. State\00. State\02. Enemy\02. Andariel</Filter>
    </ClCompile>
    <ClCompile Include="Diablo2\State\D2AndarielDieState.cpp">
      <Filter>98. Diablo2\01. Component\01. ObjectComponent\06. State\00. State\02. Enemy\02. Andariel</Filter>
    </ClCompile>
    <ClCompile Include="Diablo2\Component\D2Effect.cpp">
      <Filter>98. Diablo2\01. Component\01. ObjectComponent\07. Effect</Filter>
    </ClCompile>
    <ClCompile Include="Diablo2\Component\D2Inventory.cpp">
      <Filter>98. Diablo2\01. Component\01. ObjectComponent\08. Inventory</Filter>
    </ClCompile>
    <ClCompile Include="Diablo2\Component\D2Item.cpp">
      <Filter>98. Diablo2\01. Component\01. ObjectComponent\08. Inventory</Filter>
    </ClCompile>
    <ClCompile Include="Diablo2\Component\D2ItemTableComponent.cpp">
      <Filter>98. Diablo2\01. Component\01. ObjectComponent\09. ItemTable</Filter>
    </ClCompile>
    <ClCompile Include="Diablo2\Component\D2ItemTable.cpp">
      <Filter>98. Diablo2\01. Component\01. ObjectComponent\09. ItemTable</Filter>
    </ClCompile>
    <ClCompile Include="Diablo2\Component\D2EquipItem.cpp">
      <Filter>98. Diablo2\01. Component\01. ObjectComponent\08. Inventory</Filter>
    </ClCompile>
    <ClCompile Include="Diablo2\Component\D2UsableItem.cpp">
      <Filter>98. Diablo2\01. Component\01. ObjectComponent\08. Inventory</Filter>
    </ClCompile>
    <ClCompile Include="Diablo2\UI\D2InventoryWindow.cpp">
      <Filter>98. Diablo2\02. UI</Filter>
    </ClCompile>
    <ClCompile Include="Diablo2\UI\D2StatusBarWindow.cpp">
      <Filter>98. Diablo2\02. UI</Filter>
    </ClCompile>
    <ClCompile Include="Diablo2\Component\D2UIManager.cpp">
      <Filter>98. Diablo2\01. Component\01. ObjectComponent\10. UI</Filter>
    </ClCompile>
    <ClCompile Include="Diablo2\UI\D2MenuBorder.cpp">
      <Filter>98. Diablo2\02. UI</Filter>
    </ClCompile>
    <ClCompile Include="Diablo2\Component\D2UIManagerComponent.cpp">
      <Filter>98. Diablo2\01. Component\01. ObjectComponent\10. UI</Filter>
    </ClCompile>
    <ClCompile Include="Diablo2\UI\D2MouseNormal.cpp">
      <Filter>98. Diablo2\02. UI</Filter>
    </ClCompile>
    <ClCompile Include="Diablo2\UI\D2MouseItemSelect.cpp">
      <Filter>98. Diablo2\02. UI</Filter>
    </ClCompile>
    <ClCompile Include="Diablo2\Component\D2ItemObjectComponent.cpp">
      <Filter>98. Diablo2\01. Component\01. ObjectComponent\13. ClickableObject\01. ItemObject</Filter>
    </ClCompile>
    <ClCompile Include="Diablo2\Component\D2ProcedualMapGenerator.cpp">
      <Filter>98. Diablo2\01. Component\01. ObjectComponent\12. ProcedualMapGeneartor</Filter>
    </ClCompile>
    <ClCompile Include="Diablo2\Component\D2Space.cpp">
      <Filter>98. Diablo2\01. Component\01. ObjectComponent\12. ProcedualMapGeneartor</Filter>
    </ClCompile>
    <ClCompile Include="Diablo2\Component\D2Room.cpp">
      <Filter>98. Diablo2\01. Component\01. ObjectComponent\12. ProcedualMapGeneartor</Filter>
    </ClCompile>
    <ClCompile Include="Widget\D2ProcedualMapGeneratorControlWidget.cpp">
      <Filter>04. IMGUIWidget</Filter>
    </ClCompile>
    <ClCompile Include="Diablo2\Component\D2DungeonManager.cpp">
      <Filter>98. Diablo2\01. Component\01. ObjectComponent\10. UI\11. DungeonManager</Filter>
    </ClCompile>
    <ClCompile Include="Diablo2\UI\D2IntroWindow.cpp">
      <Filter>98. Diablo2\02. UI</Filter>
    </ClCompile>
    <ClCompile Include="Diablo2\Component\D2DungeonManagerComponent.cpp">
      <Filter>98. Diablo2\01. Component\01. ObjectComponent\10. UI\11. DungeonManager</Filter>
    </ClCompile>
    <ClCompile Include="Diablo2\UI\D2LoadingWindow.cpp">
      <Filter>98. Diablo2\02. UI</Filter>
    </ClCompile>
    <ClCompile Include="Diablo2\Scene\D2MainScene.cpp">
      <Filter>98. Diablo2\03. Scene</Filter>
    </ClCompile>
    <ClCompile Include="Diablo2\Scene\D2IntroScene.cpp">
      <Filter>98. Diablo2\03. Scene</Filter>
    </ClCompile>
    <ClCompile Include="Diablo2\Scene\D2LoadingScene.cpp">
      <Filter>98. Diablo2\03. Scene</Filter>
    </ClCompile>
    <ClCompile Include="Diablo2\Scene\D2LoadingThread.cpp">
      <Filter>98. Diablo2\03. Scene</Filter>
    </ClCompile>
    <ClCompile Include="Diablo2\UI\D2SkillTreeWindow.cpp">
      <Filter>98. Diablo2\02. UI</Filter>
    </ClCompile>
    <ClCompile Include="Diablo2\UI\D2SkillSelectWindow.cpp">
      <Filter>98. Diablo2\02. UI</Filter>
    </ClCompile>
    <ClCompile Include="Diablo2\UI\D2MonsterStatusWindow.cpp">
      <Filter>98. Diablo2\02. UI</Filter>
    </ClCompile>
    <ClCompile Include="Diablo2\State\D2SkeletonIdleState.cpp">
      <Filter>98. Diablo2\01. Component\01. ObjectComponent\06. State\00. State\02. Enemy\03. Skeleton</Filter>
    </ClCompile>
    <ClCompile Include="Diablo2\State\D2SkeletonAttackState.cpp">
      <Filter>98. Diablo2\01. Component\01. ObjectComponent\06. State\00. State\02. Enemy\03. Skeleton</Filter>
    </ClCompile>
    <ClCompile Include="Diablo2\State\D2SkeletonMoveState.cpp">
      <Filter>98. Diablo2\01. Component\01. ObjectComponent\06. State\00. State\02. Enemy\03. Skeleton</Filter>
    </ClCompile>
    <ClCompile Include="Diablo2\Resource\Shader\D2ShadowShader.cpp">
      <Filter>98. Diablo2\04. Resource\01. Shader\02. ShaderClass\01. ShadowShader</Filter>
    </ClCompile>
    <ClCompile Include="Diablo2\Resource\Mesh\D2ShadowMesh.cpp">
      <Filter>98. Diablo2\04. Resource\02. Mesh</Filter>
    </ClCompile>
    <ClCompile Include="Diablo2\Component\D2PortalObject.cpp">
      <Filter>98. Diablo2\01. Component\01. ObjectComponent\13. ClickableObject\02. PortalObject</Filter>
    </ClCompile>
    <ClCompile Include="Diablo2\Scene\D2EndingScene.cpp">
      <Filter>98. Diablo2\03. Scene</Filter>
    </ClCompile>
    <ClCompile Include="Diablo2\UI\D2EndingWidget.cpp">
      <Filter>98. Diablo2\02. UI</Filter>
    </ClCompile>
    <ClCompile Include="Widget\D2ShadowComponentWidget.cpp">
      <Filter>04. IMGUIWidget</Filter>
    </ClCompile>
    <ClCompile Include="Diablo2\State\D2SkeletonHitState.cpp">
      <Filter>98. Diablo2\01. Component\01. ObjectComponent\06. State\00. State\02. Enemy\03. Skeleton</Filter>
    </ClCompile>
    <ClCompile Include="Diablo2\Component\D2ClickableObject.cpp">
      <Filter>98. Diablo2\01. Component\01. ObjectComponent\13. ClickableObject</Filter>
    </ClCompile>
    <ClCompile Include="Diablo2\UI\D2ClickableObjectWindow.cpp">
      <Filter>98. Diablo2\02. UI</Filter>
    </ClCompile>
    <ClCompile Include="Diablo2\Component\D2ShadowComponent.cpp">
      <Filter>98. Diablo2\01. Component\00. SceneComponent\01. Shadow</Filter>
    </ClCompile>
    <ClCompile Include="Diablo2\Component\D2ClickableUIComponent.cpp">
      <Filter>98. Diablo2\01. Component\00. SceneComponent\02. ClickableObjectUI</Filter>
    </ClCompile>
    <ClCompile Include="Diablo2\Component\D2ChestObject.cpp">
      <Filter>98. Diablo2\01. Component\01. ObjectComponent\13. ClickableObject\03. Chest</Filter>
    </ClCompile>
  </ItemGroup>
  <ItemGroup>
    <ResourceCompile Include="Editor.rc">
      <Filter>Resource Files</Filter>
    </ResourceCompile>
  </ItemGroup>
  <ItemGroup>
    <Image Include="small.ico">
      <Filter>Resource Files</Filter>
    </Image>
    <Image Include="Editor.ico">
      <Filter>Resource Files</Filter>
    </Image>
    <Image Include="Icon.ico">
      <Filter>Resource Files</Filter>
    </Image>
  </ItemGroup>
  <ItemGroup>
    <None Include="..\..\CopyEditor.bat">
      <Filter>Source Files</Filter>
    </None>
  </ItemGroup>
  <ItemGroup>
    <FxCompile Include="..\Bin\Shader\D2ShadowShader.fx">
      <Filter>98. Diablo2\04. Resource\01. Shader\01. hlsl</Filter>
    </FxCompile>
  </ItemGroup>
</Project>