<?xml version="1.0" encoding="utf-8"?>
<Project ToolsVersion="4.0" xmlns="http://schemas.microsoft.com/developer/msbuild/2003">
  <ItemGroup>
    <Filter Include="Source Files">
      <UniqueIdentifier>{4FC737F1-C7A5-4376-A066-2A32D752A2FF}</UniqueIdentifier>
      <Extensions>cpp;c;cc;cxx;c++;cppm;ixx;def;odl;idl;hpj;bat;asm;asmx</Extensions>
    </Filter>
    <Filter Include="Header Files">
      <UniqueIdentifier>{93995380-89BD-4b04-88EB-625FBE52EBFB}</UniqueIdentifier>
      <Extensions>h;hh;hpp;hxx;h++;hm;inl;inc;ipp;xsd</Extensions>
    </Filter>
    <Filter Include="Resource Files">
      <UniqueIdentifier>{67DA6AB6-F800-4c08-8B7A-83BB121AAD01}</UniqueIdentifier>
      <Extensions>rc;ico;cur;bmp;dlg;rc2;rct;bin;rgs;gif;jpg;jpeg;jpe;resx;tiff;tif;png;wav;mfcribbon-ms</Extensions>
    </Filter>
    <Filter Include="02. Object">
      <UniqueIdentifier>{ea07e38c-4492-4765-9271-a5a8ed815a4f}</UniqueIdentifier>
    </Filter>
    <Filter Include="01. SceneMode">
      <UniqueIdentifier>{2943f565-adb2-42d0-a7de-5bddb59454a8}</UniqueIdentifier>
    </Filter>
    <Filter Include="02. Object\01. Player">
      <UniqueIdentifier>{c12b5867-b9a5-43ef-94aa-77a20956e522}</UniqueIdentifier>
    </Filter>
    <Filter Include="02. Object\02. Bullet">
      <UniqueIdentifier>{058ed6fb-a044-4cf4-b722-cbc7b7042463}</UniqueIdentifier>
    </Filter>
    <Filter Include="02. Object\03. PlayerChild">
      <UniqueIdentifier>{78aad6d5-c590-499b-bbfc-8cf8ec2dcac6}</UniqueIdentifier>
    </Filter>
    <Filter Include="02. Object\04. Monster">
      <UniqueIdentifier>{331d94b9-484f-4ab4-959c-9e8394f7ca9b}</UniqueIdentifier>
    </Filter>
    <Filter Include="02. Object\05. Test">
      <UniqueIdentifier>{a4e4c2d7-958c-4dcb-80f8-aa2a40d53f37}</UniqueIdentifier>
    </Filter>
    <Filter Include="03. UI">
      <UniqueIdentifier>{734a964a-f181-4d39-bc52-6643688d07f9}</UniqueIdentifier>
    </Filter>
  </ItemGroup>
  <ItemGroup>
    <ClCompile Include="main.cpp">
      <Filter>Source Files</Filter>
    </ClCompile>
    <ClCompile Include="Scene\MainScene.cpp">
      <Filter>01. SceneMode</Filter>
    </ClCompile>
    <ClCompile Include="Object\Player2D.cpp">
      <Filter>02. Object\01. Player</Filter>
    </ClCompile>
    <ClCompile Include="Object\Bullet.cpp">
      <Filter>02. Object\02. Bullet</Filter>
    </ClCompile>
    <ClCompile Include="Object\PlayerChild.cpp">
      <Filter>02. Object\03. PlayerChild</Filter>
    </ClCompile>
    <ClCompile Include="ClientManager.cpp">
      <Filter>Source Files</Filter>
    </ClCompile>
    <ClCompile Include="Object\PlayerAnimation2D.cpp">
      <Filter>02. Object\01. Player</Filter>
    </ClCompile>
    <ClCompile Include="Object\Monster.cpp">
      <Filter>02. Object\04. Monster</Filter>
    </ClCompile>
    <ClCompile Include="Object\MonsterAnimation.cpp">
      <Filter>02. Object\04. Monster</Filter>
    </ClCompile>
    <ClCompile Include="Object\BulletCamera.cpp">
      <Filter>02. Object\02. Bullet</Filter>
    </ClCompile>
    <ClCompile Include="Object\PixelTest.cpp">
      <Filter>02. Object\05. Test</Filter>
    </ClCompile>
    <ClCompile Include="Widget\MainWidget.cpp">
      <Filter>03. UI</Filter>
    </ClCompile>
  </ItemGroup>
  <ItemGroup>
    <ClInclude Include="resource.h">
      <Filter>Header Files</Filter>
    </ClInclude>
    <ClInclude Include="Scene\MainScene.h">
      <Filter>01. SceneMode</Filter>
    </ClInclude>
    <ClInclude Include="Object\Player2D.h">
      <Filter>02. Object\01. Player</Filter>
    </ClInclude>
    <ClInclude Include="Object\Bullet.h">
      <Filter>02. Object\02. Bullet</Filter>
    </ClInclude>
    <ClInclude Include="Object\PlayerChild.h">
      <Filter>02. Object\03. PlayerChild</Filter>
    </ClInclude>
    <ClInclude Include="ClientManager.h">
      <Filter>Header Files</Filter>
    </ClInclude>
    <ClInclude Include="Object\PlayerAnimation2D.h">
      <Filter>02. Object\01. Player</Filter>
    </ClInclude>
    <ClInclude Include="Object\Monster.h">
      <Filter>02. Object\04. Monster</Filter>
    </ClInclude>
    <ClInclude Include="Object\MonsterAnimation.h">
      <Filter>02. Object\04. Monster</Filter>
    </ClInclude>
    <ClInclude Include="Object\BulletCamera.h">
      <Filter>02. Object\02. Bullet</Filter>
    </ClInclude>
    <ClInclude Include="Object\PixelTest.h">
      <Filter>02. Object\05. Test</Filter>
    </ClInclude>
    <ClInclude Include="Widget\MainWidget.h">
      <Filter>03. UI</Filter>
    </ClInclude>
  </ItemGroup>
  <ItemGroup>
    <ResourceCompile Include="Client2D.rc">
      <Filter>Resource Files</Filter>
    </ResourceCompile>
  </ItemGroup>
  <ItemGroup>
    <Image Include="icon1.ico">
      <Filter>Resource Files</Filter>
    </Image>
  </ItemGroup>
</Project>