<?xml version="1.0" encoding="utf-8"?>
<Project ToolsVersion="4.0" xmlns="http://schemas.microsoft.com/developer/msbuild/2003">
  <ItemGroup>
    <Filter Include="Source Files">
      <UniqueIdentifier>{4FC737F1-C7A5-4376-A066-2A32D752A2FF}</UniqueIdentifier>
      <Extensions>cpp;c;cc;cxx;c++;cppm;ixx;def;odl;idl;hpj;bat;asm;asmx</Extensions>
    </Filter>
    <Filter Include="Header Files">
      <UniqueIdentifier>{93995380-89BD-4b04-88EB-625FBE52EBFB}</UniqueIdentifier>
      <Extensions>h;hh;hpp;hxx;h++;hm;inl;inc;ipp;xsd</Extensions>
    </Filter>
    <Filter Include="Resource Files">
      <UniqueIdentifier>{67DA6AB6-F800-4c08-8B7A-83BB121AAD01}</UniqueIdentifier>
      <Extensions>rc;ico;cur;bmp;dlg;rc2;rct;bin;rgs;gif;jpg;jpeg;jpe;resx;tiff;tif;png;wav;mfcribbon-ms</Extensions>
    </Filter>
    <Filter Include="01. SceneMode">
      <UniqueIdentifier>{87af54b7-e502-4f78-afc0-33ef06bfca8f}</UniqueIdentifier>
    </Filter>
    <Filter Include="02. D2Object">
      <UniqueIdentifier>{3289cd78-5161-4b8f-80fb-bd0efb73fbef}</UniqueIdentifier>
    </Filter>
    <Filter Include="02. D2Object\01. Player">
      <UniqueIdentifier>{45cee635-8688-47c1-9967-c1764ead18c0}</UniqueIdentifier>
    </Filter>
    <Filter Include="02. D2Object\00. ObjectState">
      <UniqueIdentifier>{9c618da6-9345-41a6-8229-9816ebc98dc8}</UniqueIdentifier>
    </Filter>
    <Filter Include="02. D2Object\00. ObjectState\01. PlayerState">
      <UniqueIdentifier>{5ed51383-0141-4116-bb6d-dd5efb06bdf1}</UniqueIdentifier>
    </Filter>
    <Filter Include="03. D2Component">
      <UniqueIdentifier>{0b7e0601-6b7c-4f53-8488-6796ffb5772f}</UniqueIdentifier>
    </Filter>
    <Filter Include="03. D2Component\01. ObjectComponent">
      <UniqueIdentifier>{644c6ac5-580d-41ec-a1be-1fd41a45b669}</UniqueIdentifier>
    </Filter>
  </ItemGroup>
  <ItemGroup>
    <ClCompile Include="main.cpp">
      <Filter>Source Files</Filter>
    </ClCompile>
    <ClCompile Include="ClientManager.cpp">
      <Filter>Source Files</Filter>
    </ClCompile>
    <ClCompile Include="Scene\TestScene.cpp">
      <Filter>01. SceneMode</Filter>
    </ClCompile>
    <ClCompile Include="Object\D2Object.cpp">
      <Filter>02. D2Object</Filter>
    </ClCompile>
    <ClCompile Include="Object\D2Player.cpp">
      <Filter>02. D2Object\01. Player</Filter>
    </ClCompile>
    <ClCompile Include="Object\D2State.cpp">
      <Filter>02. D2Object\00. ObjectState</Filter>
    </ClCompile>
    <ClCompile Include="Object\D2PlayerTownIdle.cpp">
      <Filter>02. D2Object\00. ObjectState\01. PlayerState</Filter>
    </ClCompile>
    <ClCompile Include="Object\D2PlayerRun.cpp">
      <Filter>02. D2Object\00. ObjectState\01. PlayerState</Filter>
    </ClCompile>
    <ClCompile Include="Object\D2PlayerSpecialOne.cpp">
      <Filter>02. D2Object\00. ObjectState\01. PlayerState</Filter>
    </ClCompile>
    <ClCompile Include="Component\InputStackComponent.cpp">
      <Filter>03. D2Component\01. ObjectComponent</Filter>
    </ClCompile>
  </ItemGroup>
  <ItemGroup>
    <ClInclude Include="ClientManager.h">
      <Filter>Header Files</Filter>
    </ClInclude>
    <ClInclude Include="resource.h">
      <Filter>Header Files</Filter>
    </ClInclude>
    <ClInclude Include="Scene\TestScene.h">
      <Filter>01. SceneMode</Filter>
    </ClInclude>
    <ClInclude Include="Dia2Info.h">
      <Filter>Header Files</Filter>
    </ClInclude>
    <ClInclude Include="Dia2Flags.h">
      <Filter>Header Files</Filter>
    </ClInclude>
    <ClInclude Include="Object\D2Object.h">
      <Filter>02. D2Object</Filter>
    </ClInclude>
    <ClInclude Include="Object\D2Player.h">
      <Filter>02. D2Object\01. Player</Filter>
    </ClInclude>
    <ClInclude Include="Object\D2State.h">
      <Filter>02. D2Object\00. ObjectState</Filter>
    </ClInclude>
    <ClInclude Include="Object\D2PlayerTownIdle.h">
      <Filter>02. D2Object\00. ObjectState\01. PlayerState</Filter>
    </ClInclude>
    <ClInclude Include="Object\D2PlayerRun.h">
      <Filter>02. D2Object\00. ObjectState\01. PlayerState</Filter>
    </ClInclude>
    <ClInclude Include="Object\D2PlayerSpecialOne.h">
      <Filter>02. D2Object\00. ObjectState\01. PlayerState</Filter>
    </ClInclude>
    <ClInclude Include="Component\InputStackComponent.h">
      <Filter>03. D2Component\01. ObjectComponent</Filter>
    </ClInclude>
  </ItemGroup>
  <ItemGroup>
    <ResourceCompile Include="Diablo2.rc">
      <Filter>Resource Files</Filter>
    </ResourceCompile>
  </ItemGroup>
  <ItemGroup>
    <Image Include="icon1.ico">
      <Filter>Resource Files</Filter>
    </Image>
  </ItemGroup>
</Project>